// !$*UTF8*$!
{
	archiveVersion = 1;
	classes = {
	};
	objectVersion = 48;
	objects = {

/* Begin PBXBuildFile section */
		02E94E9D1FE755BD0081A273 /* AppDelegate.swift in Sources */ = {isa = PBXBuildFile; fileRef = 02E94E9C1FE755BD0081A273 /* AppDelegate.swift */; };
		02E94E9F1FE755BD0081A273 /* ViewController.swift in Sources */ = {isa = PBXBuildFile; fileRef = 02E94E9E1FE755BD0081A273 /* ViewController.swift */; };
		02E94EA21FE755BD0081A273 /* Main.storyboard in Resources */ = {isa = PBXBuildFile; fileRef = 02E94EA01FE755BD0081A273 /* Main.storyboard */; };
		02E94EA41FE755BD0081A273 /* Assets.xcassets in Resources */ = {isa = PBXBuildFile; fileRef = 02E94EA31FE755BD0081A273 /* Assets.xcassets */; };
		02E94EA71FE755BD0081A273 /* LaunchScreen.storyboard in Resources */ = {isa = PBXBuildFile; fileRef = 02E94EA51FE755BD0081A273 /* LaunchScreen.storyboard */; };
		02E94EAF1FF991780081A273 /* mySwiftFile.swift in Sources */ = {isa = PBXBuildFile; fileRef = 02E94EAE1FF991780081A273 /* mySwiftFile.swift */; };
/* End PBXBuildFile section */

/* Begin PBXFileReference section */
		02E94E991FE755BD0081A273 /* Dicey.app */ = {isa = PBXFileReference; explicitFileType = wrapper.application; includeInIndex = 0; path = Dicey.app; sourceTree = BUILT_PRODUCTS_DIR; };
		02E94E9C1FE755BD0081A273 /* AppDelegate.swift */ = {isa = PBXFileReference; lastKnownFileType = sourcecode.swift; path = AppDelegate.swift; sourceTree = "<group>"; };
		02E94E9E1FE755BD0081A273 /* ViewController.swift */ = {isa = PBXFileReference; lastKnownFileType = sourcecode.swift; path = ViewController.swift; sourceTree = "<group>"; };
		02E94EA11FE755BD0081A273 /* Base */ = {isa = PBXFileReference; lastKnownFileType = file.storyboard; name = Base; path = Base.lproj/Main.storyboard; sourceTree = "<group>"; };
		02E94EA31FE755BD0081A273 /* Assets.xcassets */ = {isa = PBXFileReference; lastKnownFileType = folder.assetcatalog; path = Assets.xcassets; sourceTree = "<group>"; };
		02E94EA61FE755BD0081A273 /* Base */ = {isa = PBXFileReference; lastKnownFileType = file.storyboard; name = Base; path = Base.lproj/LaunchScreen.storyboard; sourceTree = "<group>"; };
		02E94EA81FE755BD0081A273 /* Info.plist */ = {isa = PBXFileReference; lastKnownFileType = text.plist.xml; path = Info.plist; sourceTree = "<group>"; };
		02E94EAE1FF991780081A273 /* mySwiftFile.swift */ = {isa = PBXFileReference; lastKnownFileType = sourcecode.swift; name = mySwiftFile.swift; path = "../../../../IOS Study/mySwiftFile.swift"; sourceTree = "<group>"; };
/* End PBXFileReference section */

/* Begin PBXFrameworksBuildPhase section */
		02E94E961FE755BD0081A273 /* Frameworks */ = {
			isa = PBXFrameworksBuildPhase;
			buildActionMask = 2147483647;
			files = (
			);
			runOnlyForDeploymentPostprocessing = 0;
		};
/* End PBXFrameworksBuildPhase section */

/* Begin PBXGroup section */
		02E94E901FE755BD0081A273 = {
			isa = PBXGroup;
			children = (
				02E94E9B1FE755BD0081A273 /* Dicey */,
				02E94E9A1FE755BD0081A273 /* Products */,
			);
			sourceTree = "<group>";
		};
		02E94E9A1FE755BD0081A273 /* Products */ = {
			isa = PBXGroup;
			children = (
				02E94E991FE755BD0081A273 /* Dicey.app */,
			);
			name = Products;
			sourceTree = "<group>";
		};
		02E94E9B1FE755BD0081A273 /* Dicey */ = {
			isa = PBXGroup;
			children = (
				02E94E9C1FE755BD0081A273 /* AppDelegate.swift */,
				02E94E9E1FE755BD0081A273 /* ViewController.swift */,
				02E94EA01FE755BD0081A273 /* Main.storyboard */,
				02E94EAE1FF991780081A273 /* mySwiftFile.swift */,
				02E94EA31FE755BD0081A273 /* Assets.xcassets */,
				02E94EA51FE755BD0081A273 /* LaunchScreen.storyboard */,
				02E94EA81FE755BD0081A273 /* Info.plist */,
			);
			path = Dicey;
			sourceTree = "<group>";
		};
/* End PBXGroup section */

/* Begin PBXNativeTarget section */
		02E94E981FE755BD0081A273 /* Dicey */ = {
			isa = PBXNativeTarget;
			buildConfigurationList = 02E94EAB1FE755BD0081A273 /* Build configuration list for PBXNativeTarget "Dicey" */;
			buildPhases = (
				02E94E951FE755BD0081A273 /* Sources */,
				02E94E961FE755BD0081A273 /* Frameworks */,
				02E94E971FE755BD0081A273 /* Resources */,
			);
			buildRules = (
			);
			dependencies = (
			);
			name = Dicey;
			productName = Dicey;
			productReference = 02E94E991FE755BD0081A273 /* Dicey.app */;
			productType = "com.apple.product-type.application";
		};
/* End PBXNativeTarget section */

/* Begin PBXProject section */
		02E94E911FE755BD0081A273 /* Project object */ = {
			isa = PBXProject;
			attributes = {
				LastSwiftUpdateCheck = 0910;
				LastUpgradeCheck = 0910;
				ORGANIZATIONNAME = UyenLVA;
				TargetAttributes = {
					02E94E981FE755BD0081A273 = {
						CreatedOnToolsVersion = 9.1;
						ProvisioningStyle = Automatic;
					};
				};
			};
			buildConfigurationList = 02E94E941FE755BD0081A273 /* Build configuration list for PBXProject "Dicey" */;
			compatibilityVersion = "Xcode 8.0";
			developmentRegion = en;
			hasScannedForEncodings = 0;
			knownRegions = (
				en,
				Base,
			);
			mainGroup = 02E94E901FE755BD0081A273;
			productRefGroup = 02E94E9A1FE755BD0081A273 /* Products */;
			projectDirPath = "";
			projectRoot = "";
			targets = (
				02E94E981FE755BD0081A273 /* Dicey */,
			);
		};
/* End PBXProject section */

/* Begin PBXResourcesBuildPhase section */
		02E94E971FE755BD0081A273 /* Resources */ = {
			isa = PBXResourcesBuildPhase;
			buildActionMask = 2147483647;
			files = (
				02E94EA71FE755BD0081A273 /* LaunchScreen.storyboard in Resources */,
				02E94EA41FE755BD0081A273 /* Assets.xcassets in Resources */,
				02E94EA21FE755BD0081A273 /* Main.storyboard in Resources */,
			);
			runOnlyForDeploymentPostprocessing = 0;
		};
/* End PBXResourcesBuildPhase section */

/* Begin PBXSourcesBuildPhase section */
		02E94E951FE755BD0081A273 /* Sources */ = {
			isa = PBXSourcesBuildPhase;
			buildActionMask = 2147483647;
			files = (
				02E94E9F1FE755BD0081A273 /* ViewController.swift in Sources */,
				02E94EAF1FF991780081A273 /* mySwiftFile.swift in Sources */,
				02E94E9D1FE755BD0081A273 /* AppDelegate.swift in Sources */,
			);
			runOnlyForDeploymentPostprocessing = 0;
		};
/* End PBXSourcesBuildPhase section */

/* Begin PBXVariantGroup section */
		02E94EA01FE755BD0081A273 /* Main.storyboard */ = {
			isa = PBXVariantGroup;
			children = (
				02E94EA11FE755BD0081A273 /* Base */,
			);
			name = Main.storyboard;
			sourceTree = "<group>";
		};
		02E94EA51FE755BD0081A273 /* LaunchScreen.storyboard */ = {
			isa = PBXVariantGroup;
			children = (
				02E94EA61FE755BD0081A273 /* Base */,
			);
			name = LaunchScreen.storyboard;
			sourceTree = "<group>";
		};
/* End PBXVariantGroup section */

/* Begin XCBuildConfiguration section */
		02E94EA91FE755BD0081A273 /* Debug */ = {
			isa = XCBuildConfiguration;
			buildSettings = {
				ALWAYS_SEARCH_USER_PATHS = NO;
				CLANG_ANALYZER_NONNULL = YES;
				CLANG_ANALYZER_NUMBER_OBJECT_CONVERSION = YES_AGGRESSIVE;
				CLANG_CXX_LANGUAGE_STANDARD = "gnu++14";
				CLANG_CXX_LIBRARY = "libc++";
				CLANG_ENABLE_MODULES = YES;
				CLANG_ENABLE_OBJC_ARC = YES;
				CLANG_WARN_BLOCK_CAPTURE_AUTORELEASING = YES;
				CLANG_WARN_BOOL_CONVERSION = YES;
				CLANG_WARN_COMMA = YES;
				CLANG_WARN_CONSTANT_CONVERSION = YES;
				CLANG_WARN_DIRECT_OBJC_ISA_USAGE = YES_ERROR;
				CLANG_WARN_DOCUMENTATION_COMMENTS = YES;
				CLANG_WARN_EMPTY_BODY = YES;
				CLANG_WARN_ENUM_CONVERSION = YES;
				CLANG_WARN_INFINITE_RECURSION = YES;
				CLANG_WARN_INT_CONVERSION = YES;
				CLANG_WARN_NON_LITERAL_NULL_CONVERSION = YES;
				CLANG_WARN_OBJC_LITERAL_CONVERSION = YES;
				CLANG_WARN_OBJC_ROOT_CLASS = YES_ERROR;
				CLANG_WARN_RANGE_LOOP_ANALYSIS = YES;
				CLANG_WARN_STRICT_PROTOTYPES = YES;
				CLANG_WARN_SUSPICIOUS_MOVE = YES;
				CLANG_WARN_UNGUARDED_AVAILABILITY = YES_AGGRESSIVE;
				CLANG_WARN_UNREACHABLE_CODE = YES;
				CLANG_WARN__DUPLICATE_METHOD_MATCH = YES;
				CODE_SIGN_IDENTITY = "iPhone Developer";
				COPY_PHASE_STRIP = NO;
				DEBUG_INFORMATION_FORMAT = dwarf;
				ENABLE_STRICT_OBJC_MSGSEND = YES;
				ENABLE_TESTABILITY = YES;
				GCC_C_LANGUAGE_STANDARD = gnu11;
				GCC_DYNAMIC_NO_PIC = NO;
				GCC_NO_COMMON_BLOCKS = YES;
				GCC_OPTIMIZATION_LEVEL = 0;
				GCC_PREPROCESSOR_DEFINITIONS = (
					"DEBUG=1",
					"$(inherited)",
				);
				GCC_WARN_64_TO_32_BIT_CONVERSION = YES;
				GCC_WARN_ABOUT_RETURN_TYPE = YES_ERROR;
				GCC_WARN_UNDECLARED_SELECTOR = YES;
				GCC_WARN_UNINITIALIZED_AUTOS = YES_AGGRESSIVE;
				GCC_WARN_UNUSED_FUNCTION = YES;
				GCC_WARN_UNUSED_VARIABLE = YES;
				IPHONEOS_DEPLOYMENT_TARGET = 11.1;
				MTL_ENABLE_DEBUG_INFO = YES;
				ONLY_ACTIVE_ARCH = YES;
				SDKROOT = iphoneos;
				SWIFT_ACTIVE_COMPILATION_CONDITIONS = DEBUG;
				SWIFT_OPTIMIZATION_LEVEL = "-Onone";
			};
			name = Debug;
		};
		02E94EAA1FE755BD0081A273 /* Release */ = {
			isa = XCBuildConfiguration;
			buildSettings = {
				ALWAYS_SEARCH_USER_PATHS = NO;
				CLANG_ANALYZER_NONNULL = YES;
				CLANG_ANALYZER_NUMBER_OBJECT_CONVERSION = YES_AGGRESSIVE;
				CLANG_CXX_LANGUAGE_STANDARD = "gnu++14";
				CLANG_CXX_LIBRARY = "libc++";
				CLANG_ENABLE_MODULES = YES;
				CLANG_ENABLE_OBJC_ARC = YES;
				CLANG_WARN_BLOCK_CAPTURE_AUTORELEASING = YES;
				CLANG_WARN_BOOL_CONVERSION = YES;
				CLANG_WARN_COMMA = YES;
				CLANG_WARN_CONSTANT_CONVERSION = YES;
				CLANG_WARN_DIRECT_OBJC_ISA_USAGE = YES_ERROR;
				CLANG_WARN_DOCUMENTATION_COMMENTS = YES;
				CLANG_WARN_EMPTY_BODY = YES;
				CLANG_WARN_ENUM_CONVERSION = YES;
				CLANG_WARN_INFINITE_RECURSION = YES;
				CLANG_WARN_INT_CONVERSION = YES;
				CLANG_WARN_NON_LITERAL_NULL_CONVERSION = YES;
				CLANG_WARN_OBJC_LITERAL_CONVERSION = YES;
				CLANG_WARN_OBJC_ROOT_CLASS = YES_ERROR;
				CLANG_WARN_RANGE_LOOP_ANALYSIS = YES;
				CLANG_WARN_STRICT_PROTOTYPES = YES;
				CLANG_WARN_SUSPICIOUS_MOVE = YES;
				CLANG_WARN_UNGUARDED_AVAILABILITY = YES_AGGRESSIVE;
				CLANG_WARN_UNREACHABLE_CODE = YES;
				CLANG_WARN__DUPLICATE_METHOD_MATCH = YES;
				CODE_SIGN_IDENTITY = "iPhone Developer";
				COPY_PHASE_STRIP = NO;
				DEBUG_INFORMATION_FORMAT = "dwarf-with-dsym";
				ENABLE_NS_ASSERTIONS = NO;
				ENABLE_STRICT_OBJC_MSGSEND = YES;
				GCC_C_LANGUAGE_STANDARD = gnu11;
				GCC_NO_COMMON_BLOCKS = YES;
				GCC_WARN_64_TO_32_BIT_CONVERSION = YES;
				GCC_WARN_ABOUT_RETURN_TYPE = YES_ERROR;
				GCC_WARN_UNDECLARED_SELECTOR = YES;
				GCC_WARN_UNINITIALIZED_AUTOS = YES_AGGRESSIVE;
				GCC_WARN_UNUSED_FUNCTION = YES;
				GCC_WARN_UNUSED_VARIABLE = YES;
				IPHONEOS_DEPLOYMENT_TARGET = 11.1;
				MTL_ENABLE_DEBUG_INFO = NO;
				SDKROOT = iphoneos;
				SWIFT_OPTIMIZATION_LEVEL = "-Owholemodule";
				VALIDATE_PRODUCT = YES;
			};
			name = Release;
		};
		02E94EAC1FE755BD0081A273 /* Debug */ = {
			isa = XCBuildConfiguration;
			buildSettings = {
				ASSETCATALOG_COMPILER_APPICON_NAME = AppIcon;
				CODE_SIGN_STYLE = Automatic;
				DEVELOPMENT_TEAM = MGQVBX65JH;
				INFOPLIST_FILE = Dicey/Info.plist;
				LD_RUNPATH_SEARCH_PATHS = "$(inherited) @executable_path/Frameworks";
				PRODUCT_BUNDLE_IDENTIFIER = com.UyenLVA.Dicey;
				PRODUCT_NAME = "$(TARGET_NAME)";
				SWIFT_VERSION = 4.0;
				TARGETED_DEVICE_FAMILY = "1,2";
			};
			name = Debug;
		};
		02E94EAD1FE755BD0081A273 /* Release */ = {
			isa = XCBuildConfiguration;
			buildSettings = {
				ASSETCATALOG_COMPILER_APPICON_NAME = AppIcon;
				CODE_SIGN_STYLE = Automatic;
				DEVELOPMENT_TEAM = MGQVBX65JH;
				INFOPLIST_FILE = Dicey/Info.plist;
				LD_RUNPATH_SEARCH_PATHS = "$(inherited) @executable_path/Frameworks";
				PRODUCT_BUNDLE_IDENTIFIER = com.UyenLVA.Dicey;
				PRODUCT_NAME = "$(TARGET_NAME)";
				SWIFT_VERSION = 4.0;
				TARGETED_DEVICE_FAMILY = "1,2";
			};
			name = Release;
		};
/* End XCBuildConfiguration section */

/* Begin XCConfigurationList section */
		02E94E941FE755BD0081A273 /* Build configuration list for PBXProject "Dicey" */ = {
			isa = XCConfigurationList;
			buildConfigurations = (
				02E94EA91FE755BD0081A273 /* Debug */,
				02E94EAA1FE755BD0081A273 /* Release */,
			);
			defaultConfigurationIsVisible = 0;
			defaultConfigurationName = Release;
		};
		02E94EAB1FE755BD0081A273 /* Build configuration list for PBXNativeTarget "Dicey" */ = {
			isa = XCConfigurationList;
			buildConfigurations = (
				02E94EAC1FE755BD0081A273 /* Debug */,
				02E94EAD1FE755BD0081A273 /* Release */,
			);
			defaultConfigurationIsVisible = 0;
			defaultConfigurationName = Release;
		};
/* End XCConfigurationList section */
	};
	rootObject = 02E94E911FE755BD0081A273 /* Project object */;
}
